
Microsoft Visual Studio Solution File, Format Version 12.00
# Visual Studio Version 17
VisualStudioVersion = 17.14.36327.8 d17.14
MinimumVisualStudioVersion = 10.0.40219.1
Project("{FAE04EC0-301F-11D3-BF4B-00C04F79EFBC}") = "EsportApp", "EsportApp\EsportApp.csproj", "{3B6730E8-3E03-4932-852A-CE40A9735391}"
EndProject
Project("{FAE04EC0-301F-11D3-BF4B-00C04F79EFBC}") = "DataSeries", "DataSeries\DataSeries.csproj", "{7AC11815-1390-4495-88E7-E07EEC6653BE}"
EndProject
Global
	GlobalSection(SolutionConfigurationPlatforms) = preSolution
		Debug|Any CPU = Debug|Any CPU
		Release|Any CPU = Release|Any CPU
	EndGlobalSection
	GlobalSection(ProjectConfigurationPlatforms) = postSolution
		{3B6730E8-3E03-4932-852A-CE40A9735391}.Debug|Any CPU.ActiveCfg = Debug|Any CPU
		{3B6730E8-3E03-4932-852A-CE40A9735391}.Debug|Any CPU.Build.0 = Debug|Any CPU
		{3B6730E8-3E03-4932-852A-CE40A9735391}.Release|Any CPU.ActiveCfg = Release|Any CPU
		{3B6730E8-3E03-4932-852A-CE40A9735391}.Release|Any CPU.Build.0 = Release|Any CPU
		{7AC11815-1390-4495-88E7-E07EEC6653BE}.Debug|Any CPU.ActiveCfg = Debug|Any CPU
		{7AC11815-1390-4495-88E7-E07EEC6653BE}.Debug|Any CPU.Build.0 = Debug|Any CPU
		{7AC11815-1390-4495-88E7-E07EEC6653BE}.Release|Any CPU.ActiveCfg = Release|Any CPU
		{7AC11815-1390-4495-88E7-E07EEC6653BE}.Release|Any CPU.Build.0 = Release|Any CPU
	EndGlobalSection
	GlobalSection(SolutionProperties) = preSolution
		HideSolutionNode = FALSE
	EndGlobalSection
	GlobalSection(ExtensibilityGlobals) = postSolution
		SolutionGuid = {D87DD6EA-5DC2-41FE-BBEA-1924411281CA}
	EndGlobalSection
EndGlobal
